
Microsoft Visual Studio Solution File, Format Version 12.00
# Visual Studio 15
VisualStudioVersion = 15.0.28307.645
MinimumVisualStudioVersion = 10.0.40219.1
Project("{FAE04EC0-301F-11D3-BF4B-00C04F79EFBC}") = "ConsoleApp1", "ConsoleApp1\ConsoleApp1.csproj", "{7D45643B-6D96-4836-9CD9-147CEDE3B2BC}"
EndProject
Global
	GlobalSection(SolutionConfigurationPlatforms) = preSolution
		Debug|Any CPU = Debug|Any CPU
		Release|Any CPU = Release|Any CPU
	EndGlobalSection
	GlobalSection(ProjectConfigurationPlatforms) = postSolution
		{7D45643B-6D96-4836-9CD9-147CEDE3B2BC}.Debug|Any CPU.ActiveCfg = Debug|Any CPU
		{7D45643B-6D96-4836-9CD9-147CEDE3B2BC}.Debug|Any CPU.Build.0 = Debug|Any CPU
		{7D45643B-6D96-4836-9CD9-147CEDE3B2BC}.Release|Any CPU.ActiveCfg = Release|Any CPU
		{7D45643B-6D96-4836-9CD9-147CEDE3B2BC}.Release|Any CPU.Build.0 = Release|Any CPU
	EndGlobalSection
	GlobalSection(SolutionProperties) = preSolution
		HideSolutionNode = FALSE
	EndGlobalSection
	GlobalSection(ExtensibilityGlobals) = postSolution
		SolutionGuid = {A7723F99-7EE6-434C-8A17-27901AA1C069}
	EndGlobalSection
EndGlobal
